PODS:
  - Alamofire (5.2.1)
  - AssetImportKit (1.1.0):
    - Assimp (~> 5.0.0)
  - Assimp (5.0.0)
  - Bolts-Swift (1.5.0)
  - Bolts/Tasks (1.9.1)
  - CocoaLumberjack/Core (3.6.1)
  - CocoaLumberjack/Swift (3.6.1):
    - CocoaLumberjack/Core
  - ConfigWiseSDK (1.2.9):
    - Alamofire
    - AssetImportKit
    - CocoaLumberjack/Swift
    - Parse
    - ParseLiveQuery
    - SwiftTryCatch
  - Parse (1.18.0):
    - Parse/Core (= 1.18.0)
  - Parse/Core (1.18.0):
    - Bolts/Tasks (= 1.9.1)
  - ParseLiveQuery (2.7.1):
    - Bolts-Swift (~> 1.5.0)
    - Parse (~> 1.18.0)
    - Starscream (= 3.1.0)
  - Starscream (3.1.0)
  - SwiftTryCatch (0.0.1)

DEPENDENCIES:
  - ConfigWiseSDK

SPEC REPOS:
  trunk:
    - Alamofire
    - AssetImportKit
    - Assimp
    - Bolts
    - Bolts-Swift
    - CocoaLumberjack
    - ConfigWiseSDK
    - Parse
    - ParseLiveQuery
    - Starscream
    - SwiftTryCatch

SPEC CHECKSUMS:
  Alamofire: e911732990610fe89af59ac0077f923d72dc3dfd
  AssetImportKit: e6b9bef73328a94133f55336215f3666247d67cb
  Assimp: 356b8e72306a2c757f6f5e1174f76df79c7ef38e
  Bolts: 8c1e8aab2f603387b8b9924f57d1d64f43d3ffdc
  Bolts-Swift: afbbaf8c8186e7f769be4afa656949c14087ba44
  CocoaLumberjack: b17ae15142558d08bbacf69775fa10c4abbebcc9
  ConfigWiseSDK: e839d3bb52afc67f602545dee5472147961d9022
  Parse: 79bdda34fdb7eb2a707a43a951c8aae236cb3e34
  ParseLiveQuery: bcb96da6d782c953ea96fba2883ff298b05cc0f4
  Starscream: 08172b481e145289c4930cb567230fb55897cfa4
  SwiftTryCatch: fb6d2b34abe48efd69578dac919293a44f95b481

PODFILE CHECKSUM: 66b23c8961c83b9ddd43606cfcd01352bd78a513

COCOAPODS: 1.9.3
