PODS:
  - Alamofire (5.4.4)
  - Bolts-Swift (1.5.0)
  - Bolts/Tasks (1.9.1)
  - CocoaLumberjack/Core (3.7.4)
  - CocoaLumberjack/Swift (3.7.4):
    - CocoaLumberjack/Core
  - ConfigWiseSDK (1.7.0):
    - Alamofire (~> 5.4.0)
    - CocoaLumberjack/Swift (~> 3.7.0)
    - Parse (~> 1.19.0)
    - ParseLiveQuery (~> 2.8.0)
    - ZIPFoundation (~> 0.9.0)
  - Parse (1.19.3):
    - Parse/Core (= 1.19.3)
  - Parse/Core (1.19.3):
    - Bolts/Tasks (= 1.9.1)
  - ParseLiveQuery (2.8.1):
    - Bolts-Swift (~> 1.5.0)
    - Parse (~> 1.19.0)
    - Starscream (~> 4.0.4)
  - Starscream (4.0.4)
  - ZIPFoundation (0.9.13)

DEPENDENCIES:
  - ConfigWiseSDK (from `https://github.com/configwise/configwise-sdk-ios.git`, tag `1.7.0`)

SPEC REPOS:
  trunk:
    - Alamofire
    - Bolts
    - Bolts-Swift
    - CocoaLumberjack
    - Parse
    - ParseLiveQuery
    - Starscream
    - ZIPFoundation

EXTERNAL SOURCES:
  ConfigWiseSDK:
    :git: https://github.com/configwise/configwise-sdk-ios.git
    :tag: 1.7.0

CHECKOUT OPTIONS:
  ConfigWiseSDK:
    :git: https://github.com/configwise/configwise-sdk-ios.git
    :tag: 1.7.0

SPEC CHECKSUMS:
  Alamofire: f3b09a368f1582ab751b3fff5460276e0d2cf5c9
  Bolts: 8c1e8aab2f603387b8b9924f57d1d64f43d3ffdc
  Bolts-Swift: afbbaf8c8186e7f769be4afa656949c14087ba44
  CocoaLumberjack: 543c79c114dadc3b1aba95641d8738b06b05b646
  ConfigWiseSDK: 9bc27148da12279ae82812abc431fb525a3476a7
  Parse: 0abb63a0ff6fa34a3f64b81d595a294e2ece143a
  ParseLiveQuery: 7bc437c3b986880ffe5f241a9921e37f45df0677
  Starscream: 5178aed56b316f13fa3bc55694e583d35dd414d9
  ZIPFoundation: ae5b4b813d216d3bf0a148773267fff14bd51d37

PODFILE CHECKSUM: 396e846269338295050e6438aa765b61e12a425d

COCOAPODS: 1.11.2
